
Microsoft Visual Studio Solution File, Format Version 12.00
Project("{FAE04EC0-301F-11D3-BF4B-00C04F79EFBC}") = "WebApiMonitoreo", "WebApiMonitoreo.csproj", "{1DDD7B2C-B2CA-47B9-8FCC-CD37A058CA78}"
EndProject
Global
	GlobalSection(SolutionConfigurationPlatforms) = preSolution
		Debug|Any CPU = Debug|Any CPU
		Release|Any CPU = Release|Any CPU
	EndGlobalSection
	GlobalSection(ProjectConfigurationPlatforms) = postSolution
		{1DDD7B2C-B2CA-47B9-8FCC-CD37A058CA78}.Debug|Any CPU.ActiveCfg = Debug|Any CPU
		{1DDD7B2C-B2CA-47B9-8FCC-CD37A058CA78}.Debug|Any CPU.Build.0 = Debug|Any CPU
		{1DDD7B2C-B2CA-47B9-8FCC-CD37A058CA78}.Release|Any CPU.ActiveCfg = Release|Any CPU
		{1DDD7B2C-B2CA-47B9-8FCC-CD37A058CA78}.Release|Any CPU.Build.0 = Release|Any CPU
	EndGlobalSection
EndGlobal
